
Microsoft Visual Studio Solution File, Format Version 12.00
# Visual Studio Version 17
VisualStudioVersion = 17.9.34728.123
MinimumVisualStudioVersion = 10.0.40219.1
Project("{2150E333-8FDC-42A3-9474-1A3956D46DE8}") = "ChainOfResponsibilityDesignPattern", "ChainOfResponsibilityDesignPattern", "{759C27FE-24D4-43EF-B821-DFE7ECC9FD0F}"
EndProject
Project("{FAE04EC0-301F-11D3-BF4B-00C04F79EFBC}") = "DesignPattern.ChainOfResponsibbility", "ChainOfResponsibilityDesignPattern\DesignPattern.ChainOfResponsibbility\DesignPattern.ChainOfResponsibbility.csproj", "{14CD1DDA-1A1F-476A-B528-26EB318C181D}"
EndProject
Global
	GlobalSection(SolutionConfigurationPlatforms) = preSolution
		Debug|Any CPU = Debug|Any CPU
		Release|Any CPU = Release|Any CPU
	EndGlobalSection
	GlobalSection(ProjectConfigurationPlatforms) = postSolution
		{14CD1DDA-1A1F-476A-B528-26EB318C181D}.Debug|Any CPU.ActiveCfg = Debug|Any CPU
		{14CD1DDA-1A1F-476A-B528-26EB318C181D}.Debug|Any CPU.Build.0 = Debug|Any CPU
		{14CD1DDA-1A1F-476A-B528-26EB318C181D}.Release|Any CPU.ActiveCfg = Release|Any CPU
		{14CD1DDA-1A1F-476A-B528-26EB318C181D}.Release|Any CPU.Build.0 = Release|Any CPU
	EndGlobalSection
	GlobalSection(SolutionProperties) = preSolution
		HideSolutionNode = FALSE
	EndGlobalSection
	GlobalSection(NestedProjects) = preSolution
		{14CD1DDA-1A1F-476A-B528-26EB318C181D} = {759C27FE-24D4-43EF-B821-DFE7ECC9FD0F}
	EndGlobalSection
	GlobalSection(ExtensibilityGlobals) = postSolution
		SolutionGuid = {059FE55B-600B-423F-A7EC-09AF87CE2059}
	EndGlobalSection
EndGlobal
